// !$*UTF8*$!
{ archiveVersion = 1; classes = {}; objectVersion = 56; objects = {
19BFBC84FD9B2B92C10227AA = { isa = PBXFileReference; lastKnownFileType = sourcecode.swift; path = "Models.swift"; sourceTree = "<group>"; };
487C502A5481E87001E8CC43 = { isa = PBXBuildFile; fileRef = 19BFBC84FD9B2B92C10227AA; };
1C047A849CF4BDCA74913E8B = { isa = PBXFileReference; lastKnownFileType = sourcecode.swift; path = "AppModel.swift"; sourceTree = "<group>"; };
3B1BD0D3E3B196288B17828C = { isa = PBXBuildFile; fileRef = 1C047A849CF4BDCA74913E8B; };
0B53C5958618789508496F2A = { isa = PBXFileReference; lastKnownFileType = sourcecode.swift; path = "IllinoisTrackerApp.swift"; sourceTree = "<group>"; };
1BD5A9B0A6510FCCBA5CE15F = { isa = PBXBuildFile; fileRef = 0B53C5958618789508496F2A; };
2B97935E2984DBD78A9F4AD5 = { isa = PBXFileReference; lastKnownFileType = sourcecode.swift; path = "Views.swift"; sourceTree = "<group>"; };
4AF090DF56D724E72C1CAF6A = { isa = PBXBuildFile; fileRef = 2B97935E2984DBD78A9F4AD5; };
D2D7FEA71AEDB232B36D3BF6 = { isa = PBXFileReference; lastKnownFileType = text.plist.xml; path = "Info.plist"; sourceTree = "<group>"; };
8E088FF1B6C9F7588F3F4EB9 = { isa = PBXFileReference; lastKnownFileType = text.plist.xml; path = "IllinoisTracker.entitlements"; sourceTree = "<group>"; };
27C21A5B2B693466911459F8 = { isa = PBXFileReference; lastKnownFileType = text.plist.xml; path = "PrivacyInfo.xcprivacy"; sourceTree = "<group>"; };
4D41DD372D8E0FAD9BCA5A62 = { isa = PBXBuildFile; fileRef = 27C21A5B2B693466911459F8; };
38A007151ABE87CC01A5B6E9 = { isa = PBXFileReference; explicitFileType = wrapper.application; includeInIndex = 0; path = IllinoisTracker.app; sourceTree = BUILT_PRODUCTS_DIR; };
B28B7AF69320201D1CF206EB = { isa = PBXGroup; children = (BCE16DD0260827ECF338C787,FBDC4F23F93125BBEEAE800C,); sourceTree = "<group>"; };
BCE16DD0260827ECF338C787 = { isa = PBXGroup; children = (19BFBC84FD9B2B92C10227AA,1C047A849CF4BDCA74913E8B,0B53C5958618789508496F2A,2B97935E2984DBD78A9F4AD5,D2D7FEA71AEDB232B36D3BF6,8E088FF1B6C9F7588F3F4EB9,27C21A5B2B693466911459F8,); path = IllinoisTracker; sourceTree = "<group>"; };
FBDC4F23F93125BBEEAE800C = { isa = PBXGroup; children = (38A007151ABE87CC01A5B6E9,); name = Products; sourceTree = "<group>"; };
36D0981B3375D78BE03EA987 = { isa = PBXSourcesBuildPhase; buildActionMask = 2147483647; files = (487C502A5481E87001E8CC43,3B1BD0D3E3B196288B17828C,1BD5A9B0A6510FCCBA5CE15F,4AF090DF56D724E72C1CAF6A,); runOnlyForDeploymentPostprocessing = 0; };
0189424A5A60FED329FA868E = { isa = PBXResourcesBuildPhase; buildActionMask = 2147483647; files = (4D41DD372D8E0FAD9BCA5A62,); runOnlyForDeploymentPostprocessing = 0; };
7561BFB015D8F536760CB671 = { isa = PBXFrameworksBuildPhase; buildActionMask = 2147483647; files = (); runOnlyForDeploymentPostprocessing = 0; };
0E8A3AD980EC179856012B7E = { isa = PBXNativeTarget; buildConfigurationList = F497FD0CF9CA1625C4A860DE; buildPhases = (36D0981B3375D78BE03EA987,7561BFB015D8F536760CB671,0189424A5A60FED329FA868E,); buildRules = (); dependencies = (); name = IllinoisTracker; productName = IllinoisTracker; productReference = 38A007151ABE87CC01A5B6E9; productType = "com.apple.product-type.application"; };
89E1FD6268CC0F221A2BE178 = { isa = XCBuildConfiguration; buildSettings = {SDKROOT = "iphoneos";IPHONEOS_DEPLOYMENT_TARGET = "17.0";CLANG_ENABLE_MODULES = "YES";SWIFT_VERSION = "5.0";SWIFT_OPTIMIZATION_LEVEL = "-Onone";DEBUG_INFORMATION_FORMAT = "dwarf";ENABLE_TESTABILITY = "YES";}; name = Debug; };
7082CC0B6FC1282FCEABD07A = { isa = XCBuildConfiguration; buildSettings = {PRODUCT_BUNDLE_IDENTIFIER = "com.danieldidech.illinoisfilings";PRODUCT_NAME = "$(TARGET_NAME)";INFOPLIST_FILE = "IllinoisTracker/Info.plist";GENERATE_INFOPLIST_FILE = "NO";CODE_SIGN_STYLE = "Automatic";CODE_SIGN_ENTITLEMENTS = "IllinoisTracker/IllinoisTracker.entitlements";APS_ENVIRONMENT = "development";TARGETED_DEVICE_FAMILY = "1";SUPPORTED_PLATFORMS = "iphoneos iphonesimulator";SUPPORTS_MACCATALYST = "NO";SWIFT_EMIT_LOC_STRINGS = "YES";SWIFT_ACTIVE_COMPILATION_CONDITIONS = "DEBUG";MARKETING_VERSION = "1.0";CURRENT_PROJECT_VERSION = "8";}; name = Debug; };
E6DE6C99132752C914FEF632 = { isa = XCBuildConfiguration; buildSettings = {SDKROOT = "iphoneos";IPHONEOS_DEPLOYMENT_TARGET = "17.0";CLANG_ENABLE_MODULES = "YES";SWIFT_VERSION = "5.0";SWIFT_OPTIMIZATION_LEVEL = "-O";DEBUG_INFORMATION_FORMAT = "dwarf-with-dsym";ENABLE_TESTABILITY = "NO";}; name = Release; };
639A7CA24D39909E713B47F7 = { isa = XCBuildConfiguration; buildSettings = {PRODUCT_BUNDLE_IDENTIFIER = "com.danieldidech.illinoisfilings";PRODUCT_NAME = "$(TARGET_NAME)";INFOPLIST_FILE = "IllinoisTracker/Info.plist";GENERATE_INFOPLIST_FILE = "NO";CODE_SIGN_STYLE = "Automatic";CODE_SIGN_ENTITLEMENTS = "IllinoisTracker/IllinoisTracker.entitlements";APS_ENVIRONMENT = "production";TARGETED_DEVICE_FAMILY = "1";SUPPORTED_PLATFORMS = "iphoneos iphonesimulator";SUPPORTS_MACCATALYST = "NO";SWIFT_EMIT_LOC_STRINGS = "YES";SWIFT_ACTIVE_COMPILATION_CONDITIONS = "";MARKETING_VERSION = "1.0";CURRENT_PROJECT_VERSION = "8";}; name = Release; };
F497FD0CF9CA1625C4A860DE = { isa = XCConfigurationList; buildConfigurations = (7082CC0B6FC1282FCEABD07A,639A7CA24D39909E713B47F7,); defaultConfigurationIsVisible = 0; defaultConfigurationName = Release; };
49EA05A46B1A86EA7E413B43 = { isa = XCConfigurationList; buildConfigurations = (89E1FD6268CC0F221A2BE178,E6DE6C99132752C914FEF632,); defaultConfigurationIsVisible = 0; defaultConfigurationName = Release; };
98F54143AB4E86B28C3AFEE0 = { isa = PBXProject; attributes = { LastUpgradeCheck = 1600; TargetAttributes = { 0E8A3AD980EC179856012B7E = { CreatedOnToolsVersion = 16.0; SystemCapabilities = { com.apple.Push = { enabled = 1; }; }; }; }; }; buildConfigurationList = 49EA05A46B1A86EA7E413B43; compatibilityVersion = "Xcode 14.0"; developmentRegion = en; hasScannedForEncodings = 0; knownRegions = (en,Base,); mainGroup = B28B7AF69320201D1CF206EB; productRefGroup = FBDC4F23F93125BBEEAE800C; projectDirPath = ""; projectRoot = ""; targets = (0E8A3AD980EC179856012B7E,); };
}; rootObject = 98F54143AB4E86B28C3AFEE0; }
